
Microsoft Visual Studio Solution File, Format Version 12.00
# Visual Studio Version 17
VisualStudioVersion = 17.2.32602.215
MinimumVisualStudioVersion = 10.0.40219.1
Project("{9A19103F-16F7-4668-BE54-9A1E7A4F7556}") = "Catalogo.Domain", "Catalogo.Domain\Catalogo.Domain.csproj", "{3C2F5129-98D3-4C72-9BC2-962A58E83008}"
EndProject
Project("{9A19103F-16F7-4668-BE54-9A1E7A4F7556}") = "Catalogo.Application", "Catalogo.Application\Catalogo.Application.csproj", "{F8A6F973-ACCE-419D-8D0A-3BCD84E32141}"
EndProject
Project("{9A19103F-16F7-4668-BE54-9A1E7A4F7556}") = "Catalogo.CrossCutting", "Catalogo.CrossCutting\Catalogo.CrossCutting.csproj", "{BE53328B-652E-41C1-8EFB-19DA01133880}"
EndProject
Project("{9A19103F-16F7-4668-BE54-9A1E7A4F7556}") = "Catalogo.API", "Catalogo.API\Catalogo.API.csproj", "{6460F622-0397-4156-AC09-92A65A457A4D}"
EndProject
Project("{FAE04EC0-301F-11D3-BF4B-00C04F79EFBC}") = "Catalogo.Infrastructure", "Catalogo.Infrastructure\Catalogo.Infrastructure.csproj", "{A262F6C2-F880-4851-B06E-F02E771311C2}"
EndProject
Global
	GlobalSection(SolutionConfigurationPlatforms) = preSolution
		Debug|Any CPU = Debug|Any CPU
		Release|Any CPU = Release|Any CPU
	EndGlobalSection
	GlobalSection(ProjectConfigurationPlatforms) = postSolution
		{3C2F5129-98D3-4C72-9BC2-962A58E83008}.Debug|Any CPU.ActiveCfg = Debug|Any CPU
		{3C2F5129-98D3-4C72-9BC2-962A58E83008}.Debug|Any CPU.Build.0 = Debug|Any CPU
		{3C2F5129-98D3-4C72-9BC2-962A58E83008}.Release|Any CPU.ActiveCfg = Release|Any CPU
		{3C2F5129-98D3-4C72-9BC2-962A58E83008}.Release|Any CPU.Build.0 = Release|Any CPU
		{F8A6F973-ACCE-419D-8D0A-3BCD84E32141}.Debug|Any CPU.ActiveCfg = Debug|Any CPU
		{F8A6F973-ACCE-419D-8D0A-3BCD84E32141}.Debug|Any CPU.Build.0 = Debug|Any CPU
		{F8A6F973-ACCE-419D-8D0A-3BCD84E32141}.Release|Any CPU.ActiveCfg = Release|Any CPU
		{F8A6F973-ACCE-419D-8D0A-3BCD84E32141}.Release|Any CPU.Build.0 = Release|Any CPU
		{BE53328B-652E-41C1-8EFB-19DA01133880}.Debug|Any CPU.ActiveCfg = Debug|Any CPU
		{BE53328B-652E-41C1-8EFB-19DA01133880}.Debug|Any CPU.Build.0 = Debug|Any CPU
		{BE53328B-652E-41C1-8EFB-19DA01133880}.Release|Any CPU.ActiveCfg = Release|Any CPU
		{BE53328B-652E-41C1-8EFB-19DA01133880}.Release|Any CPU.Build.0 = Release|Any CPU
		{6460F622-0397-4156-AC09-92A65A457A4D}.Debug|Any CPU.ActiveCfg = Debug|Any CPU
		{6460F622-0397-4156-AC09-92A65A457A4D}.Debug|Any CPU.Build.0 = Debug|Any CPU
		{6460F622-0397-4156-AC09-92A65A457A4D}.Release|Any CPU.ActiveCfg = Release|Any CPU
		{6460F622-0397-4156-AC09-92A65A457A4D}.Release|Any CPU.Build.0 = Release|Any CPU
		{A262F6C2-F880-4851-B06E-F02E771311C2}.Debug|Any CPU.ActiveCfg = Debug|Any CPU
		{A262F6C2-F880-4851-B06E-F02E771311C2}.Debug|Any CPU.Build.0 = Debug|Any CPU
		{A262F6C2-F880-4851-B06E-F02E771311C2}.Release|Any CPU.ActiveCfg = Release|Any CPU
		{A262F6C2-F880-4851-B06E-F02E771311C2}.Release|Any CPU.Build.0 = Release|Any CPU
	EndGlobalSection
	GlobalSection(SolutionProperties) = preSolution
		HideSolutionNode = FALSE
	EndGlobalSection
	GlobalSection(ExtensibilityGlobals) = postSolution
		SolutionGuid = {1096CD48-A10F-4BD7-A34D-19237D6D982C}
	EndGlobalSection
EndGlobal
